
Microsoft Visual Studio Solution File, Format Version 12.00
# Visual Studio Version 17
VisualStudioVersion = 17.1.32328.378
MinimumVisualStudioVersion = 10.0.40219.1
Project("{9A19103F-16F7-4668-BE54-9A1E7A4F7556}") = "MoodAnalyze", "MoodAnalyze.csproj", "{D614247B-073D-4580-B704-D91086445814}"
EndProject
Project("{9A19103F-16F7-4668-BE54-9A1E7A4F7556}") = "AnalyseTest", "..\AnalyseTest\AnalyseTest.csproj", "{F99FBBF4-78AE-4471-B4E3-CE43A8C90BB0}"
EndProject
Project("{9A19103F-16F7-4668-BE54-9A1E7A4F7556}") = "UserValidationProblem", "..\UserValidationProblem\UserValidationProblem.csproj", "{E433FD90-77AE-41DC-9067-8A9FAB59CFA9}"
EndProject
Project("{FAE04EC0-301F-11D3-BF4B-00C04F79EFBC}") = "UserValidationTest", "..\UserValidationTest\UserValidationTest.csproj", "{F746F131-4161-48A9-B214-10D450D90738}"
EndProject
Global
	GlobalSection(SolutionConfigurationPlatforms) = preSolution
		Debug|Any CPU = Debug|Any CPU
		Release|Any CPU = Release|Any CPU
	EndGlobalSection
	GlobalSection(ProjectConfigurationPlatforms) = postSolution
		{D614247B-073D-4580-B704-D91086445814}.Debug|Any CPU.ActiveCfg = Debug|Any CPU
		{D614247B-073D-4580-B704-D91086445814}.Debug|Any CPU.Build.0 = Debug|Any CPU
		{D614247B-073D-4580-B704-D91086445814}.Release|Any CPU.ActiveCfg = Release|Any CPU
		{D614247B-073D-4580-B704-D91086445814}.Release|Any CPU.Build.0 = Release|Any CPU
		{F99FBBF4-78AE-4471-B4E3-CE43A8C90BB0}.Debug|Any CPU.ActiveCfg = Debug|Any CPU
		{F99FBBF4-78AE-4471-B4E3-CE43A8C90BB0}.Debug|Any CPU.Build.0 = Debug|Any CPU
		{F99FBBF4-78AE-4471-B4E3-CE43A8C90BB0}.Release|Any CPU.ActiveCfg = Release|Any CPU
		{F99FBBF4-78AE-4471-B4E3-CE43A8C90BB0}.Release|Any CPU.Build.0 = Release|Any CPU
		{E433FD90-77AE-41DC-9067-8A9FAB59CFA9}.Debug|Any CPU.ActiveCfg = Debug|Any CPU
		{E433FD90-77AE-41DC-9067-8A9FAB59CFA9}.Debug|Any CPU.Build.0 = Debug|Any CPU
		{E433FD90-77AE-41DC-9067-8A9FAB59CFA9}.Release|Any CPU.ActiveCfg = Release|Any CPU
		{E433FD90-77AE-41DC-9067-8A9FAB59CFA9}.Release|Any CPU.Build.0 = Release|Any CPU
		{F746F131-4161-48A9-B214-10D450D90738}.Debug|Any CPU.ActiveCfg = Debug|Any CPU
		{F746F131-4161-48A9-B214-10D450D90738}.Debug|Any CPU.Build.0 = Debug|Any CPU
		{F746F131-4161-48A9-B214-10D450D90738}.Release|Any CPU.ActiveCfg = Release|Any CPU
		{F746F131-4161-48A9-B214-10D450D90738}.Release|Any CPU.Build.0 = Release|Any CPU
	EndGlobalSection
	GlobalSection(SolutionProperties) = preSolution
		HideSolutionNode = FALSE
	EndGlobalSection
	GlobalSection(ExtensibilityGlobals) = postSolution
		SolutionGuid = {BA38EFE7-7D63-490F-9AC2-171FA2549FD1}
	EndGlobalSection
EndGlobal
