
Microsoft Visual Studio Solution File, Format Version 12.00
# Visual Studio Version 17
VisualStudioVersion = 17.1.32328.378
MinimumVisualStudioVersion = 10.0.40219.1
Project("{FAE04EC0-301F-11D3-BF4B-00C04F79EFBC}") = "MoodAnalyze", "MoodAnalyze.csproj", "{D614247B-073D-4580-B704-D91086445814}"
EndProject
Project("{FAE04EC0-301F-11D3-BF4B-00C04F79EFBC}") = "TestProgram", "..\TestProgram\TestProgram.csproj", "{B1DC473D-C4E2-4678-A1D0-2FB70CC14831}"
EndProject
Global
	GlobalSection(SolutionConfigurationPlatforms) = preSolution
		Debug|Any CPU = Debug|Any CPU
		Release|Any CPU = Release|Any CPU
	EndGlobalSection
	GlobalSection(ProjectConfigurationPlatforms) = postSolution
		{D614247B-073D-4580-B704-D91086445814}.Debug|Any CPU.ActiveCfg = Debug|Any CPU
		{D614247B-073D-4580-B704-D91086445814}.Debug|Any CPU.Build.0 = Debug|Any CPU
		{D614247B-073D-4580-B704-D91086445814}.Release|Any CPU.ActiveCfg = Release|Any CPU
		{D614247B-073D-4580-B704-D91086445814}.Release|Any CPU.Build.0 = Release|Any CPU
		{B1DC473D-C4E2-4678-A1D0-2FB70CC14831}.Debug|Any CPU.ActiveCfg = Debug|Any CPU
		{B1DC473D-C4E2-4678-A1D0-2FB70CC14831}.Debug|Any CPU.Build.0 = Debug|Any CPU
		{B1DC473D-C4E2-4678-A1D0-2FB70CC14831}.Release|Any CPU.ActiveCfg = Release|Any CPU
		{B1DC473D-C4E2-4678-A1D0-2FB70CC14831}.Release|Any CPU.Build.0 = Release|Any CPU
	EndGlobalSection
	GlobalSection(SolutionProperties) = preSolution
		HideSolutionNode = FALSE
	EndGlobalSection
	GlobalSection(ExtensibilityGlobals) = postSolution
		SolutionGuid = {BA38EFE7-7D63-490F-9AC2-171FA2549FD1}
	EndGlobalSection
EndGlobal
